<?xml version="1.0" encoding="utf-8"?>
<Project ToolsVersion="4.0" xmlns="http://schemas.microsoft.com/developer/msbuild/2003">
  <ItemGroup>
    <Filter Include="Source Files">
      <UniqueIdentifier>{c3062b95-25f9-4e1a-80a5-b08937d3f234}</UniqueIdentifier>
      <Extensions>cpp;c;cxx;rc;def;r</Extensions>
    </Filter>
    <Filter Include="Header Files">
      <UniqueIdentifier>{f15af0e6-0805-45f5-bec7-fe3003556855}</UniqueIdentifier>
      <Extensions>h;hpp;hxx;hm;inl;fi;fd</Extensions>
    </Filter>
  </ItemGroup>
  <ItemGroup>
    <ClCompile Include="DIALOGS.CPP">
      <Filter>Source Files</Filter>
    </ClCompile>
    <ClCompile Include="Doclist.cpp">
      <Filter>Source Files</Filter>
    </ClCompile>
    <ClCompile Include="Document.cpp">
      <Filter>Source Files</Filter>
    </ClCompile>
    <ClCompile Include="ODMASAMP.CPP">
      <Filter>Source Files</Filter>
    </ClCompile>
    <ClCompile Include="SAMPAPP.CPP">
      <Filter>Source Files</Filter>
    </ClCompile>
  </ItemGroup>
  <ItemGroup>
    <ResourceCompile Include="Odmasamp.rc">
      <Filter>Source Files</Filter>
    </ResourceCompile>
  </ItemGroup>
  <ItemGroup>
    <ClInclude Include="Odmasamp.h">
      <Filter>Header Files</Filter>
    </ClInclude>
    <ClInclude Include="resource.h">
      <Filter>Header Files</Filter>
    </ClInclude>
  </ItemGroup>
  <ItemGroup>
    <CustomBuild Include="ODMASamp32.def">
      <Filter>Source Files</Filter>
    </CustomBuild>
  </ItemGroup>
</Project>